
Microsoft Visual Studio Solution File, Format Version 12.00
# Visual Studio Version 17
VisualStudioVersion = 17.6.33829.357
MinimumVisualStudioVersion = 10.0.40219.1
Project("{2150E333-8FDC-42A3-9474-1A3956D46DE8}") = "Domain", "Domain", "{5E6D062F-7DDB-4AB8-83B7-957860DAD9B9}"
EndProject
Project("{2150E333-8FDC-42A3-9474-1A3956D46DE8}") = "Microservices", "Microservices", "{ED3FA7A2-F54A-48B1-8BE8-B1F147B55D3F}"
EndProject
Project("{2150E333-8FDC-42A3-9474-1A3956D46DE8}") = "Infra.Bus", "Infra.Bus", "{DB1EB9B8-31FF-4D23-9FB6-7621EEB70FAB}"
EndProject
Project("{2150E333-8FDC-42A3-9474-1A3956D46DE8}") = "Infra.IoC", "Infra.IoC", "{CAF3BDAE-240B-496E-AE97-E1ACFE444D60}"
EndProject
Project("{2150E333-8FDC-42A3-9474-1A3956D46DE8}") = "Presentation", "Presentation", "{7235B284-D91E-40F8-BBC0-C104D5283B1D}"
EndProject
Project("{FAE04EC0-301F-11D3-BF4B-00C04F79EFBC}") = "MicroRabbit.Domain.Core", "MicroRabbit.Domain.Core\MicroRabbit.Domain.Core.csproj", "{C33D91EA-8FC9-4F8E-B910-CF391533D774}"
EndProject
Project("{FAE04EC0-301F-11D3-BF4B-00C04F79EFBC}") = "MicroRabbit.Infra.Bus", "MicroRabbit.Infra.Bus\MicroRabbit.Infra.Bus.csproj", "{3FE170A7-A1A8-4B46-BDC3-3CFEA105E96D}"
EndProject
Project("{FAE04EC0-301F-11D3-BF4B-00C04F79EFBC}") = "MicroRabbit.Infra.IoC", "MicroRabbit.Infra.IoC\MicroRabbit.Infra.IoC.csproj", "{A964058A-813A-48C2-8700-B2244493AEB0}"
EndProject
Project("{2150E333-8FDC-42A3-9474-1A3956D46DE8}") = "Banking", "Banking", "{CBF21006-95DD-47FF-9FC8-2F2B3C2D7A77}"
EndProject
Project("{2150E333-8FDC-42A3-9474-1A3956D46DE8}") = "API", "API", "{1645DB17-4974-4BE5-A74D-9D11842A1F66}"
EndProject
Project("{2150E333-8FDC-42A3-9474-1A3956D46DE8}") = "Domain", "Domain", "{FAB21228-80B9-46E7-BC0B-0831D9A7BD1A}"
EndProject
Project("{2150E333-8FDC-42A3-9474-1A3956D46DE8}") = "Application", "Application", "{684CFCF0-80C5-4F5D-8580-FD61DBBC2683}"
EndProject
Project("{2150E333-8FDC-42A3-9474-1A3956D46DE8}") = "Data", "Data", "{277ACB09-AA8C-472A-B729-F8B91979463D}"
EndProject
Project("{FAE04EC0-301F-11D3-BF4B-00C04F79EFBC}") = "MicroRabbit.Banking.Api", "MicroRabbit.Banking.Api\MicroRabbit.Banking.Api.csproj", "{29D4F75A-1623-4F86-AF3A-2027A5AB146E}"
EndProject
Project("{FAE04EC0-301F-11D3-BF4B-00C04F79EFBC}") = "MicroRabbit.Banking.Application", "MicroRabbit.Banking.Application\MicroRabbit.Banking.Application.csproj", "{EAA9894B-D61E-4C5A-96A7-2852B799E9ED}"
EndProject
Project("{FAE04EC0-301F-11D3-BF4B-00C04F79EFBC}") = "MicroRabbit.Banking.Data", "MicroRabbit.banking.Data\MicroRabbit.Banking.Data.csproj", "{B623ACD7-C8F3-456B-8455-16AFFF396DFD}"
EndProject
Project("{FAE04EC0-301F-11D3-BF4B-00C04F79EFBC}") = "MicroRabbitt.Banking.Domain", "MicroRabbitt.Banking.Domain\MicroRabbitt.Banking.Domain.csproj", "{951205F1-BC88-4A8A-93A5-56FA4AF54AA6}"
EndProject
Global
	GlobalSection(SolutionConfigurationPlatforms) = preSolution
		Debug|Any CPU = Debug|Any CPU
		Release|Any CPU = Release|Any CPU
	EndGlobalSection
	GlobalSection(ProjectConfigurationPlatforms) = postSolution
		{C33D91EA-8FC9-4F8E-B910-CF391533D774}.Debug|Any CPU.ActiveCfg = Debug|Any CPU
		{C33D91EA-8FC9-4F8E-B910-CF391533D774}.Debug|Any CPU.Build.0 = Debug|Any CPU
		{C33D91EA-8FC9-4F8E-B910-CF391533D774}.Release|Any CPU.ActiveCfg = Release|Any CPU
		{C33D91EA-8FC9-4F8E-B910-CF391533D774}.Release|Any CPU.Build.0 = Release|Any CPU
		{3FE170A7-A1A8-4B46-BDC3-3CFEA105E96D}.Debug|Any CPU.ActiveCfg = Debug|Any CPU
		{3FE170A7-A1A8-4B46-BDC3-3CFEA105E96D}.Debug|Any CPU.Build.0 = Debug|Any CPU
		{3FE170A7-A1A8-4B46-BDC3-3CFEA105E96D}.Release|Any CPU.ActiveCfg = Release|Any CPU
		{3FE170A7-A1A8-4B46-BDC3-3CFEA105E96D}.Release|Any CPU.Build.0 = Release|Any CPU
		{A964058A-813A-48C2-8700-B2244493AEB0}.Debug|Any CPU.ActiveCfg = Debug|Any CPU
		{A964058A-813A-48C2-8700-B2244493AEB0}.Debug|Any CPU.Build.0 = Debug|Any CPU
		{A964058A-813A-48C2-8700-B2244493AEB0}.Release|Any CPU.ActiveCfg = Release|Any CPU
		{A964058A-813A-48C2-8700-B2244493AEB0}.Release|Any CPU.Build.0 = Release|Any CPU
		{29D4F75A-1623-4F86-AF3A-2027A5AB146E}.Debug|Any CPU.ActiveCfg = Debug|Any CPU
		{29D4F75A-1623-4F86-AF3A-2027A5AB146E}.Debug|Any CPU.Build.0 = Debug|Any CPU
		{29D4F75A-1623-4F86-AF3A-2027A5AB146E}.Release|Any CPU.ActiveCfg = Release|Any CPU
		{29D4F75A-1623-4F86-AF3A-2027A5AB146E}.Release|Any CPU.Build.0 = Release|Any CPU
		{EAA9894B-D61E-4C5A-96A7-2852B799E9ED}.Debug|Any CPU.ActiveCfg = Debug|Any CPU
		{EAA9894B-D61E-4C5A-96A7-2852B799E9ED}.Debug|Any CPU.Build.0 = Debug|Any CPU
		{EAA9894B-D61E-4C5A-96A7-2852B799E9ED}.Release|Any CPU.ActiveCfg = Release|Any CPU
		{EAA9894B-D61E-4C5A-96A7-2852B799E9ED}.Release|Any CPU.Build.0 = Release|Any CPU
		{B623ACD7-C8F3-456B-8455-16AFFF396DFD}.Debug|Any CPU.ActiveCfg = Debug|Any CPU
		{B623ACD7-C8F3-456B-8455-16AFFF396DFD}.Debug|Any CPU.Build.0 = Debug|Any CPU
		{B623ACD7-C8F3-456B-8455-16AFFF396DFD}.Release|Any CPU.ActiveCfg = Release|Any CPU
		{B623ACD7-C8F3-456B-8455-16AFFF396DFD}.Release|Any CPU.Build.0 = Release|Any CPU
		{951205F1-BC88-4A8A-93A5-56FA4AF54AA6}.Debug|Any CPU.ActiveCfg = Debug|Any CPU
		{951205F1-BC88-4A8A-93A5-56FA4AF54AA6}.Debug|Any CPU.Build.0 = Debug|Any CPU
		{951205F1-BC88-4A8A-93A5-56FA4AF54AA6}.Release|Any CPU.ActiveCfg = Release|Any CPU
		{951205F1-BC88-4A8A-93A5-56FA4AF54AA6}.Release|Any CPU.Build.0 = Release|Any CPU
	EndGlobalSection
	GlobalSection(SolutionProperties) = preSolution
		HideSolutionNode = FALSE
	EndGlobalSection
	GlobalSection(NestedProjects) = preSolution
		{C33D91EA-8FC9-4F8E-B910-CF391533D774} = {5E6D062F-7DDB-4AB8-83B7-957860DAD9B9}
		{3FE170A7-A1A8-4B46-BDC3-3CFEA105E96D} = {DB1EB9B8-31FF-4D23-9FB6-7621EEB70FAB}
		{A964058A-813A-48C2-8700-B2244493AEB0} = {CAF3BDAE-240B-496E-AE97-E1ACFE444D60}
		{CBF21006-95DD-47FF-9FC8-2F2B3C2D7A77} = {ED3FA7A2-F54A-48B1-8BE8-B1F147B55D3F}
		{1645DB17-4974-4BE5-A74D-9D11842A1F66} = {CBF21006-95DD-47FF-9FC8-2F2B3C2D7A77}
		{FAB21228-80B9-46E7-BC0B-0831D9A7BD1A} = {CBF21006-95DD-47FF-9FC8-2F2B3C2D7A77}
		{684CFCF0-80C5-4F5D-8580-FD61DBBC2683} = {CBF21006-95DD-47FF-9FC8-2F2B3C2D7A77}
		{277ACB09-AA8C-472A-B729-F8B91979463D} = {CBF21006-95DD-47FF-9FC8-2F2B3C2D7A77}
		{29D4F75A-1623-4F86-AF3A-2027A5AB146E} = {1645DB17-4974-4BE5-A74D-9D11842A1F66}
		{EAA9894B-D61E-4C5A-96A7-2852B799E9ED} = {684CFCF0-80C5-4F5D-8580-FD61DBBC2683}
		{B623ACD7-C8F3-456B-8455-16AFFF396DFD} = {277ACB09-AA8C-472A-B729-F8B91979463D}
		{951205F1-BC88-4A8A-93A5-56FA4AF54AA6} = {FAB21228-80B9-46E7-BC0B-0831D9A7BD1A}
	EndGlobalSection
	GlobalSection(ExtensibilityGlobals) = postSolution
		SolutionGuid = {4E018B00-270F-4A25-844E-DF00EF015210}
	EndGlobalSection
EndGlobal
