
Microsoft Visual Studio Solution File, Format Version 12.00
# Visual Studio Version 17
VisualStudioVersion = 17.6.33829.357
MinimumVisualStudioVersion = 10.0.40219.1
Project("{2150E333-8FDC-42A3-9474-1A3956D46DE8}") = "Domain", "Domain", "{5E6D062F-7DDB-4AB8-83B7-957860DAD9B9}"
EndProject
Project("{2150E333-8FDC-42A3-9474-1A3956D46DE8}") = "Microservices", "Microservices", "{ED3FA7A2-F54A-48B1-8BE8-B1F147B55D3F}"
EndProject
Project("{2150E333-8FDC-42A3-9474-1A3956D46DE8}") = "Infra.Bus", "Infra.Bus", "{DB1EB9B8-31FF-4D23-9FB6-7621EEB70FAB}"
EndProject
Project("{2150E333-8FDC-42A3-9474-1A3956D46DE8}") = "Infra.IoC", "Infra.IoC", "{CAF3BDAE-240B-496E-AE97-E1ACFE444D60}"
EndProject
Project("{2150E333-8FDC-42A3-9474-1A3956D46DE8}") = "Presentation", "Presentation", "{7235B284-D91E-40F8-BBC0-C104D5283B1D}"
EndProject
Project("{FAE04EC0-301F-11D3-BF4B-00C04F79EFBC}") = "MicroRabbit.Domain.Core", "MicroRabbit.Domain.Core\MicroRabbit.Domain.Core.csproj", "{C33D91EA-8FC9-4F8E-B910-CF391533D774}"
EndProject
Project("{FAE04EC0-301F-11D3-BF4B-00C04F79EFBC}") = "MicroRabbit.Infra.Bus", "MicroRabbit.Infra.Bus\MicroRabbit.Infra.Bus.csproj", "{3FE170A7-A1A8-4B46-BDC3-3CFEA105E96D}"
EndProject
Project("{FAE04EC0-301F-11D3-BF4B-00C04F79EFBC}") = "MicroRabbit.Infra.IoC", "MicroRabbit.Infra.IoC\MicroRabbit.Infra.IoC.csproj", "{A964058A-813A-48C2-8700-B2244493AEB0}"
EndProject
Global
	GlobalSection(SolutionConfigurationPlatforms) = preSolution
		Debug|Any CPU = Debug|Any CPU
		Release|Any CPU = Release|Any CPU
	EndGlobalSection
	GlobalSection(ProjectConfigurationPlatforms) = postSolution
		{C33D91EA-8FC9-4F8E-B910-CF391533D774}.Debug|Any CPU.ActiveCfg = Debug|Any CPU
		{C33D91EA-8FC9-4F8E-B910-CF391533D774}.Debug|Any CPU.Build.0 = Debug|Any CPU
		{C33D91EA-8FC9-4F8E-B910-CF391533D774}.Release|Any CPU.ActiveCfg = Release|Any CPU
		{C33D91EA-8FC9-4F8E-B910-CF391533D774}.Release|Any CPU.Build.0 = Release|Any CPU
		{3FE170A7-A1A8-4B46-BDC3-3CFEA105E96D}.Debug|Any CPU.ActiveCfg = Debug|Any CPU
		{3FE170A7-A1A8-4B46-BDC3-3CFEA105E96D}.Debug|Any CPU.Build.0 = Debug|Any CPU
		{3FE170A7-A1A8-4B46-BDC3-3CFEA105E96D}.Release|Any CPU.ActiveCfg = Release|Any CPU
		{3FE170A7-A1A8-4B46-BDC3-3CFEA105E96D}.Release|Any CPU.Build.0 = Release|Any CPU
		{A964058A-813A-48C2-8700-B2244493AEB0}.Debug|Any CPU.ActiveCfg = Debug|Any CPU
		{A964058A-813A-48C2-8700-B2244493AEB0}.Debug|Any CPU.Build.0 = Debug|Any CPU
		{A964058A-813A-48C2-8700-B2244493AEB0}.Release|Any CPU.ActiveCfg = Release|Any CPU
		{A964058A-813A-48C2-8700-B2244493AEB0}.Release|Any CPU.Build.0 = Release|Any CPU
	EndGlobalSection
	GlobalSection(SolutionProperties) = preSolution
		HideSolutionNode = FALSE
	EndGlobalSection
	GlobalSection(NestedProjects) = preSolution
		{C33D91EA-8FC9-4F8E-B910-CF391533D774} = {5E6D062F-7DDB-4AB8-83B7-957860DAD9B9}
		{3FE170A7-A1A8-4B46-BDC3-3CFEA105E96D} = {DB1EB9B8-31FF-4D23-9FB6-7621EEB70FAB}
		{A964058A-813A-48C2-8700-B2244493AEB0} = {CAF3BDAE-240B-496E-AE97-E1ACFE444D60}
	EndGlobalSection
	GlobalSection(ExtensibilityGlobals) = postSolution
		SolutionGuid = {4E018B00-270F-4A25-844E-DF00EF015210}
	EndGlobalSection
EndGlobal
